// !$*UTF8*$!
{
	archiveVersion = 1;
	classes = {
	};
	objectVersion = 46;
	objects = {

/* Begin PBXBuildFile section */
		2208B5DB1BEAE5C60037E9C9 /* AppDelegate.swift in Sources */ = {isa = PBXBuildFile; fileRef = 2208B5DA1BEAE5C60037E9C9 /* AppDelegate.swift */; };
		2208B5E01BEAE5C60037E9C9 /* Main.storyboard in Resources */ = {isa = PBXBuildFile; fileRef = 2208B5DE1BEAE5C60037E9C9 /* Main.storyboard */; };
		2208B5E21BEAE5C60037E9C9 /* Assets.xcassets in Resources */ = {isa = PBXBuildFile; fileRef = 2208B5E11BEAE5C60037E9C9 /* Assets.xcassets */; };
		2208B5E51BEAE5C60037E9C9 /* LaunchScreen.storyboard in Resources */ = {isa = PBXBuildFile; fileRef = 2208B5E31BEAE5C60037E9C9 /* LaunchScreen.storyboard */; };
		2208B5F01BEAE5C90037E9C9 /* WarnMeTests.swift in Sources */ = {isa = PBXBuildFile; fileRef = 2208B5EF1BEAE5C90037E9C9 /* WarnMeTests.swift */; };
		2208B5FB1BEAE5CA0037E9C9 /* WarnMeUITests.swift in Sources */ = {isa = PBXBuildFile; fileRef = 2208B5FA1BEAE5CA0037E9C9 /* WarnMeUITests.swift */; };
		2208B60D1BEB964D0037E9C9 /* GeotificationsViewController.swift in Sources */ = {isa = PBXBuildFile; fileRef = 2208B6091BEB964D0037E9C9 /* GeotificationsViewController.swift */; };
		2208B60E1BEB964D0037E9C9 /* AddGeotificationViewController.swift in Sources */ = {isa = PBXBuildFile; fileRef = 2208B60A1BEB964D0037E9C9 /* AddGeotificationViewController.swift */; };
		2208B60F1BEB964D0037E9C9 /* Geotification.swift in Sources */ = {isa = PBXBuildFile; fileRef = 2208B60B1BEB964D0037E9C9 /* Geotification.swift */; };
		2208B6101BEB964D0037E9C9 /* Utilities.swift in Sources */ = {isa = PBXBuildFile; fileRef = 2208B60C1BEB964D0037E9C9 /* Utilities.swift */; };
		2208B6121BEB96D80037E9C9 /* TestLocations.gpx in Resources */ = {isa = PBXBuildFile; fileRef = 2208B6111BEB96D80037E9C9 /* TestLocations.gpx */; };
		2208B6141BEBA2EC0037E9C9 /* MapKit.framework in Frameworks */ = {isa = PBXBuildFile; fileRef = 2208B6131BEBA2EC0037E9C9 /* MapKit.framework */; };
/* End PBXBuildFile section */

/* Begin PBXContainerItemProxy section */
		2208B5EC1BEAE5C90037E9C9 /* PBXContainerItemProxy */ = {
			isa = PBXContainerItemProxy;
			containerPortal = 2208B5CF1BEAE5C50037E9C9 /* Project object */;
			proxyType = 1;
			remoteGlobalIDString = 2208B5D61BEAE5C60037E9C9;
			remoteInfo = WarnMe;
		};
		2208B5F71BEAE5CA0037E9C9 /* PBXContainerItemProxy */ = {
			isa = PBXContainerItemProxy;
			containerPortal = 2208B5CF1BEAE5C50037E9C9 /* Project object */;
			proxyType = 1;
			remoteGlobalIDString = 2208B5D61BEAE5C60037E9C9;
			remoteInfo = WarnMe;
		};
/* End PBXContainerItemProxy section */

/* Begin PBXFileReference section */
		2208B5D71BEAE5C60037E9C9 /* WarnMe.app */ = {isa = PBXFileReference; explicitFileType = wrapper.application; includeInIndex = 0; path = WarnMe.app; sourceTree = BUILT_PRODUCTS_DIR; };
		2208B5DA1BEAE5C60037E9C9 /* AppDelegate.swift */ = {isa = PBXFileReference; lastKnownFileType = sourcecode.swift; path = AppDelegate.swift; sourceTree = "<group>"; };
		2208B5DF1BEAE5C60037E9C9 /* Base */ = {isa = PBXFileReference; lastKnownFileType = file.storyboard; name = Base; path = Base.lproj/Main.storyboard; sourceTree = "<group>"; };
		2208B5E11BEAE5C60037E9C9 /* Assets.xcassets */ = {isa = PBXFileReference; lastKnownFileType = folder.assetcatalog; path = Assets.xcassets; sourceTree = "<group>"; };
		2208B5E41BEAE5C60037E9C9 /* Base */ = {isa = PBXFileReference; lastKnownFileType = file.storyboard; name = Base; path = Base.lproj/LaunchScreen.storyboard; sourceTree = "<group>"; };
		2208B5E61BEAE5C70037E9C9 /* Info.plist */ = {isa = PBXFileReference; lastKnownFileType = text.plist.xml; path = Info.plist; sourceTree = "<group>"; };
		2208B5EB1BEAE5C90037E9C9 /* WarnMeTests.xctest */ = {isa = PBXFileReference; explicitFileType = wrapper.cfbundle; includeInIndex = 0; path = WarnMeTests.xctest; sourceTree = BUILT_PRODUCTS_DIR; };
		2208B5EF1BEAE5C90037E9C9 /* WarnMeTests.swift */ = {isa = PBXFileReference; lastKnownFileType = sourcecode.swift; path = WarnMeTests.swift; sourceTree = "<group>"; };
		2208B5F11BEAE5C90037E9C9 /* Info.plist */ = {isa = PBXFileReference; lastKnownFileType = text.plist.xml; path = Info.plist; sourceTree = "<group>"; };
		2208B5F61BEAE5CA0037E9C9 /* WarnMeUITests.xctest */ = {isa = PBXFileReference; explicitFileType = wrapper.cfbundle; includeInIndex = 0; path = WarnMeUITests.xctest; sourceTree = BUILT_PRODUCTS_DIR; };
		2208B5FA1BEAE5CA0037E9C9 /* WarnMeUITests.swift */ = {isa = PBXFileReference; lastKnownFileType = sourcecode.swift; path = WarnMeUITests.swift; sourceTree = "<group>"; };
		2208B5FC1BEAE5CA0037E9C9 /* Info.plist */ = {isa = PBXFileReference; lastKnownFileType = text.plist.xml; path = Info.plist; sourceTree = "<group>"; };
		2208B6091BEB964D0037E9C9 /* GeotificationsViewController.swift */ = {isa = PBXFileReference; fileEncoding = 4; lastKnownFileType = sourcecode.swift; path = GeotificationsViewController.swift; sourceTree = "<group>"; };
		2208B60A1BEB964D0037E9C9 /* AddGeotificationViewController.swift */ = {isa = PBXFileReference; fileEncoding = 4; lastKnownFileType = sourcecode.swift; path = AddGeotificationViewController.swift; sourceTree = "<group>"; };
		2208B60B1BEB964D0037E9C9 /* Geotification.swift */ = {isa = PBXFileReference; fileEncoding = 4; lastKnownFileType = sourcecode.swift; path = Geotification.swift; sourceTree = "<group>"; };
		2208B60C1BEB964D0037E9C9 /* Utilities.swift */ = {isa = PBXFileReference; fileEncoding = 4; lastKnownFileType = sourcecode.swift; path = Utilities.swift; sourceTree = "<group>"; };
		2208B6111BEB96D80037E9C9 /* TestLocations.gpx */ = {isa = PBXFileReference; fileEncoding = 4; lastKnownFileType = text.xml; path = TestLocations.gpx; sourceTree = "<group>"; };
		2208B6131BEBA2EC0037E9C9 /* MapKit.framework */ = {isa = PBXFileReference; lastKnownFileType = wrapper.framework; name = MapKit.framework; path = System/Library/Frameworks/MapKit.framework; sourceTree = SDKROOT; };
/* End PBXFileReference section */

/* Begin PBXFrameworksBuildPhase section */
		2208B5D41BEAE5C60037E9C9 /* Frameworks */ = {
			isa = PBXFrameworksBuildPhase;
			buildActionMask = 2147483647;
			files = (
				2208B6141BEBA2EC0037E9C9 /* MapKit.framework in Frameworks */,
			);
			runOnlyForDeploymentPostprocessing = 0;
		};
		2208B5E81BEAE5C90037E9C9 /* Frameworks */ = {
			isa = PBXFrameworksBuildPhase;
			buildActionMask = 2147483647;
			files = (
			);
			runOnlyForDeploymentPostprocessing = 0;
		};
		2208B5F31BEAE5C90037E9C9 /* Frameworks */ = {
			isa = PBXFrameworksBuildPhase;
			buildActionMask = 2147483647;
			files = (
			);
			runOnlyForDeploymentPostprocessing = 0;
		};
/* End PBXFrameworksBuildPhase section */

/* Begin PBXGroup section */
		2208B5CE1BEAE5C50037E9C9 = {
			isa = PBXGroup;
			children = (
				2208B6131BEBA2EC0037E9C9 /* MapKit.framework */,
				2208B5D91BEAE5C60037E9C9 /* WarnMe */,
				2208B5EE1BEAE5C90037E9C9 /* WarnMeTests */,
				2208B5F91BEAE5CA0037E9C9 /* WarnMeUITests */,
				2208B5D81BEAE5C60037E9C9 /* Products */,
			);
			sourceTree = "<group>";
		};
		2208B5D81BEAE5C60037E9C9 /* Products */ = {
			isa = PBXGroup;
			children = (
				2208B5D71BEAE5C60037E9C9 /* WarnMe.app */,
				2208B5EB1BEAE5C90037E9C9 /* WarnMeTests.xctest */,
				2208B5F61BEAE5CA0037E9C9 /* WarnMeUITests.xctest */,
			);
			name = Products;
			sourceTree = "<group>";
		};
		2208B5D91BEAE5C60037E9C9 /* WarnMe */ = {
			isa = PBXGroup;
			children = (
				2208B6081BEB96200037E9C9 /* Gentrification */,
				2208B5DA1BEAE5C60037E9C9 /* AppDelegate.swift */,
				2208B5DE1BEAE5C60037E9C9 /* Main.storyboard */,
				2208B5E11BEAE5C60037E9C9 /* Assets.xcassets */,
				2208B5E31BEAE5C60037E9C9 /* LaunchScreen.storyboard */,
				2208B5E61BEAE5C70037E9C9 /* Info.plist */,
			);
			path = WarnMe;
			sourceTree = "<group>";
		};
		2208B5EE1BEAE5C90037E9C9 /* WarnMeTests */ = {
			isa = PBXGroup;
			children = (
				2208B5EF1BEAE5C90037E9C9 /* WarnMeTests.swift */,
				2208B5F11BEAE5C90037E9C9 /* Info.plist */,
			);
			path = WarnMeTests;
			sourceTree = "<group>";
		};
		2208B5F91BEAE5CA0037E9C9 /* WarnMeUITests */ = {
			isa = PBXGroup;
			children = (
				2208B5FA1BEAE5CA0037E9C9 /* WarnMeUITests.swift */,
				2208B5FC1BEAE5CA0037E9C9 /* Info.plist */,
			);
			path = WarnMeUITests;
			sourceTree = "<group>";
		};
		2208B6081BEB96200037E9C9 /* Gentrification */ = {
			isa = PBXGroup;
			children = (
				2208B6111BEB96D80037E9C9 /* TestLocations.gpx */,
				2208B6091BEB964D0037E9C9 /* GeotificationsViewController.swift */,
				2208B60A1BEB964D0037E9C9 /* AddGeotificationViewController.swift */,
				2208B60B1BEB964D0037E9C9 /* Geotification.swift */,
				2208B60C1BEB964D0037E9C9 /* Utilities.swift */,
			);
			name = Gentrification;
			sourceTree = "<group>";
		};
/* End PBXGroup section */

/* Begin PBXNativeTarget section */
		2208B5D61BEAE5C60037E9C9 /* WarnMe */ = {
			isa = PBXNativeTarget;
			buildConfigurationList = 2208B5FF1BEAE5CA0037E9C9 /* Build configuration list for PBXNativeTarget "WarnMe" */;
			buildPhases = (
				2208B5D31BEAE5C60037E9C9 /* Sources */,
				2208B5D41BEAE5C60037E9C9 /* Frameworks */,
				2208B5D51BEAE5C60037E9C9 /* Resources */,
			);
			buildRules = (
			);
			dependencies = (
			);
			name = WarnMe;
			productName = WarnMe;
			productReference = 2208B5D71BEAE5C60037E9C9 /* WarnMe.app */;
			productType = "com.apple.product-type.application";
		};
		2208B5EA1BEAE5C90037E9C9 /* WarnMeTests */ = {
			isa = PBXNativeTarget;
			buildConfigurationList = 2208B6021BEAE5CA0037E9C9 /* Build configuration list for PBXNativeTarget "WarnMeTests" */;
			buildPhases = (
				2208B5E71BEAE5C90037E9C9 /* Sources */,
				2208B5E81BEAE5C90037E9C9 /* Frameworks */,
				2208B5E91BEAE5C90037E9C9 /* Resources */,
			);
			buildRules = (
			);
			dependencies = (
				2208B5ED1BEAE5C90037E9C9 /* PBXTargetDependency */,
			);
			name = WarnMeTests;
			productName = WarnMeTests;
			productReference = 2208B5EB1BEAE5C90037E9C9 /* WarnMeTests.xctest */;
			productType = "com.apple.product-type.bundle.unit-test";
		};
		2208B5F51BEAE5C90037E9C9 /* WarnMeUITests */ = {
			isa = PBXNativeTarget;
			buildConfigurationList = 2208B6051BEAE5CA0037E9C9 /* Build configuration list for PBXNativeTarget "WarnMeUITests" */;
			buildPhases = (
				2208B5F21BEAE5C90037E9C9 /* Sources */,
				2208B5F31BEAE5C90037E9C9 /* Frameworks */,
				2208B5F41BEAE5C90037E9C9 /* Resources */,
			);
			buildRules = (
			);
			dependencies = (
				2208B5F81BEAE5CA0037E9C9 /* PBXTargetDependency */,
			);
			name = WarnMeUITests;
			productName = WarnMeUITests;
			productReference = 2208B5F61BEAE5CA0037E9C9 /* WarnMeUITests.xctest */;
			productType = "com.apple.product-type.bundle.ui-testing";
		};
/* End PBXNativeTarget section */

/* Begin PBXProject section */
		2208B5CF1BEAE5C50037E9C9 /* Project object */ = {
			isa = PBXProject;
			attributes = {
				LastSwiftUpdateCheck = 0710;
				LastUpgradeCheck = 0710;
				ORGANIZATIONNAME = "Beyond 2021";
				TargetAttributes = {
					2208B5D61BEAE5C60037E9C9 = {
						CreatedOnToolsVersion = 7.1;
						SystemCapabilities = {
							com.apple.Maps.iOS = {
								enabled = 1;
							};
						};
					};
					2208B5EA1BEAE5C90037E9C9 = {
						CreatedOnToolsVersion = 7.1;
						TestTargetID = 2208B5D61BEAE5C60037E9C9;
					};
					2208B5F51BEAE5C90037E9C9 = {
						CreatedOnToolsVersion = 7.1;
						TestTargetID = 2208B5D61BEAE5C60037E9C9;
					};
				};
			};
			buildConfigurationList = 2208B5D21BEAE5C50037E9C9 /* Build configuration list for PBXProject "WarnMe" */;
			compatibilityVersion = "Xcode 3.2";
			developmentRegion = English;
			hasScannedForEncodings = 0;
			knownRegions = (
				en,
				Base,
			);
			mainGroup = 2208B5CE1BEAE5C50037E9C9;
			productRefGroup = 2208B5D81BEAE5C60037E9C9 /* Products */;
			projectDirPath = "";
			projectRoot = "";
			targets = (
				2208B5D61BEAE5C60037E9C9 /* WarnMe */,
				2208B5EA1BEAE5C90037E9C9 /* WarnMeTests */,
				2208B5F51BEAE5C90037E9C9 /* WarnMeUITests */,
			);
		};
/* End PBXProject section */

/* Begin PBXResourcesBuildPhase section */
		2208B5D51BEAE5C60037E9C9 /* Resources */ = {
			isa = PBXResourcesBuildPhase;
			buildActionMask = 2147483647;
			files = (
				2208B5E51BEAE5C60037E9C9 /* LaunchScreen.storyboard in Resources */,
				2208B5E21BEAE5C60037E9C9 /* Assets.xcassets in Resources */,
				2208B6121BEB96D80037E9C9 /* TestLocations.gpx in Resources */,
				2208B5E01BEAE5C60037E9C9 /* Main.storyboard in Resources */,
			);
			runOnlyForDeploymentPostprocessing = 0;
		};
		2208B5E91BEAE5C90037E9C9 /* Resources */ = {
			isa = PBXResourcesBuildPhase;
			buildActionMask = 2147483647;
			files = (
			);
			runOnlyForDeploymentPostprocessing = 0;
		};
		2208B5F41BEAE5C90037E9C9 /* Resources */ = {
			isa = PBXResourcesBuildPhase;
			buildActionMask = 2147483647;
			files = (
			);
			runOnlyForDeploymentPostprocessing = 0;
		};
/* End PBXResourcesBuildPhase section */

/* Begin PBXSourcesBuildPhase section */
		2208B5D31BEAE5C60037E9C9 /* Sources */ = {
			isa = PBXSourcesBuildPhase;
			buildActionMask = 2147483647;
			files = (
				2208B60E1BEB964D0037E9C9 /* AddGeotificationViewController.swift in Sources */,
				2208B60D1BEB964D0037E9C9 /* GeotificationsViewController.swift in Sources */,
				2208B5DB1BEAE5C60037E9C9 /* AppDelegate.swift in Sources */,
				2208B6101BEB964D0037E9C9 /* Utilities.swift in Sources */,
				2208B60F1BEB964D0037E9C9 /* Geotification.swift in Sources */,
			);
			runOnlyForDeploymentPostprocessing = 0;
		};
		2208B5E71BEAE5C90037E9C9 /* Sources */ = {
			isa = PBXSourcesBuildPhase;
			buildActionMask = 2147483647;
			files = (
				2208B5F01BEAE5C90037E9C9 /* WarnMeTests.swift in Sources */,
			);
			runOnlyForDeploymentPostprocessing = 0;
		};
		2208B5F21BEAE5C90037E9C9 /* Sources */ = {
			isa = PBXSourcesBuildPhase;
			buildActionMask = 2147483647;
			files = (
				2208B5FB1BEAE5CA0037E9C9 /* WarnMeUITests.swift in Sources */,
			);
			runOnlyForDeploymentPostprocessing = 0;
		};
/* End PBXSourcesBuildPhase section */

/* Begin PBXTargetDependency section */
		2208B5ED1BEAE5C90037E9C9 /* PBXTargetDependency */ = {
			isa = PBXTargetDependency;
			target = 2208B5D61BEAE5C60037E9C9 /* WarnMe */;
			targetProxy = 2208B5EC1BEAE5C90037E9C9 /* PBXContainerItemProxy */;
		};
		2208B5F81BEAE5CA0037E9C9 /* PBXTargetDependency */ = {
			isa = PBXTargetDependency;
			target = 2208B5D61BEAE5C60037E9C9 /* WarnMe */;
			targetProxy = 2208B5F71BEAE5CA0037E9C9 /* PBXContainerItemProxy */;
		};
/* End PBXTargetDependency section */

/* Begin PBXVariantGroup section */
		2208B5DE1BEAE5C60037E9C9 /* Main.storyboard */ = {
			isa = PBXVariantGroup;
			children = (
				2208B5DF1BEAE5C60037E9C9 /* Base */,
			);
			name = Main.storyboard;
			sourceTree = "<group>";
		};
		2208B5E31BEAE5C60037E9C9 /* LaunchScreen.storyboard */ = {
			isa = PBXVariantGroup;
			children = (
				2208B5E41BEAE5C60037E9C9 /* Base */,
			);
			name = LaunchScreen.storyboard;
			sourceTree = "<group>";
		};
/* End PBXVariantGroup section */

/* Begin XCBuildConfiguration section */
		2208B5FD1BEAE5CA0037E9C9 /* Debug */ = {
			isa = XCBuildConfiguration;
			buildSettings = {
				ALWAYS_SEARCH_USER_PATHS = NO;
				CLANG_CXX_LANGUAGE_STANDARD = "gnu++0x";
				CLANG_CXX_LIBRARY = "libc++";
				CLANG_ENABLE_MODULES = YES;
				CLANG_ENABLE_OBJC_ARC = YES;
				CLANG_WARN_BOOL_CONVERSION = YES;
				CLANG_WARN_CONSTANT_CONVERSION = YES;
				CLANG_WARN_DIRECT_OBJC_ISA_USAGE = YES_ERROR;
				CLANG_WARN_EMPTY_BODY = YES;
				CLANG_WARN_ENUM_CONVERSION = YES;
				CLANG_WARN_INT_CONVERSION = YES;
				CLANG_WARN_OBJC_ROOT_CLASS = YES_ERROR;
				CLANG_WARN_UNREACHABLE_CODE = YES;
				CLANG_WARN__DUPLICATE_METHOD_MATCH = YES;
				"CODE_SIGN_IDENTITY[sdk=iphoneos*]" = "iPhone Developer";
				COPY_PHASE_STRIP = NO;
				DEBUG_INFORMATION_FORMAT = dwarf;
				ENABLE_STRICT_OBJC_MSGSEND = YES;
				ENABLE_TESTABILITY = YES;
				GCC_C_LANGUAGE_STANDARD = gnu99;
				GCC_DYNAMIC_NO_PIC = NO;
				GCC_NO_COMMON_BLOCKS = YES;
				GCC_OPTIMIZATION_LEVEL = 0;
				GCC_PREPROCESSOR_DEFINITIONS = (
					"DEBUG=1",
					"$(inherited)",
				);
				GCC_WARN_64_TO_32_BIT_CONVERSION = YES;
				GCC_WARN_ABOUT_RETURN_TYPE = YES_ERROR;
				GCC_WARN_UNDECLARED_SELECTOR = YES;
				GCC_WARN_UNINITIALIZED_AUTOS = YES_AGGRESSIVE;
				GCC_WARN_UNUSED_FUNCTION = YES;
				GCC_WARN_UNUSED_VARIABLE = YES;
				IPHONEOS_DEPLOYMENT_TARGET = 9.1;
				MTL_ENABLE_DEBUG_INFO = YES;
				ONLY_ACTIVE_ARCH = YES;
				SDKROOT = iphoneos;
				SWIFT_OPTIMIZATION_LEVEL = "-Onone";
			};
			name = Debug;
		};
		2208B5FE1BEAE5CA0037E9C9 /* Release */ = {
			isa = XCBuildConfiguration;
			buildSettings = {
				ALWAYS_SEARCH_USER_PATHS = NO;
				CLANG_CXX_LANGUAGE_STANDARD = "gnu++0x";
				CLANG_CXX_LIBRARY = "libc++";
				CLANG_ENABLE_MODULES = YES;
				CLANG_ENABLE_OBJC_ARC = YES;
				CLANG_WARN_BOOL_CONVERSION = YES;
				CLANG_WARN_CONSTANT_CONVERSION = YES;
				CLANG_WARN_DIRECT_OBJC_ISA_USAGE = YES_ERROR;
				CLANG_WARN_EMPTY_BODY = YES;
				CLANG_WARN_ENUM_CONVERSION = YES;
				CLANG_WARN_INT_CONVERSION = YES;
				CLANG_WARN_OBJC_ROOT_CLASS = YES_ERROR;
				CLANG_WARN_UNREACHABLE_CODE = YES;
				CLANG_WARN__DUPLICATE_METHOD_MATCH = YES;
				"CODE_SIGN_IDENTITY[sdk=iphoneos*]" = "iPhone Developer";
				COPY_PHASE_STRIP = NO;
				DEBUG_INFORMATION_FORMAT = "dwarf-with-dsym";
				ENABLE_NS_ASSERTIONS = NO;
				ENABLE_STRICT_OBJC_MSGSEND = YES;
				GCC_C_LANGUAGE_STANDARD = gnu99;
				GCC_NO_COMMON_BLOCKS = YES;
				GCC_WARN_64_TO_32_BIT_CONVERSION = YES;
				GCC_WARN_ABOUT_RETURN_TYPE = YES_ERROR;
				GCC_WARN_UNDECLARED_SELECTOR = YES;
				GCC_WARN_UNINITIALIZED_AUTOS = YES_AGGRESSIVE;
				GCC_WARN_UNUSED_FUNCTION = YES;
				GCC_WARN_UNUSED_VARIABLE = YES;
				IPHONEOS_DEPLOYMENT_TARGET = 9.1;
				MTL_ENABLE_DEBUG_INFO = NO;
				SDKROOT = iphoneos;
				VALIDATE_PRODUCT = YES;
			};
			name = Release;
		};
		2208B6001BEAE5CA0037E9C9 /* Debug */ = {
			isa = XCBuildConfiguration;
			buildSettings = {
				ASSETCATALOG_COMPILER_APPICON_NAME = AppIcon;
				INFOPLIST_FILE = WarnMe/Info.plist;
				LD_RUNPATH_SEARCH_PATHS = "$(inherited) @executable_path/Frameworks";
				PRODUCT_BUNDLE_IDENTIFIER = com.beyond2021.WarnMe;
				PRODUCT_NAME = "$(TARGET_NAME)";
			};
			name = Debug;
		};
		2208B6011BEAE5CA0037E9C9 /* Release */ = {
			isa = XCBuildConfiguration;
			buildSettings = {
				ASSETCATALOG_COMPILER_APPICON_NAME = AppIcon;
				INFOPLIST_FILE = WarnMe/Info.plist;
				LD_RUNPATH_SEARCH_PATHS = "$(inherited) @executable_path/Frameworks";
				PRODUCT_BUNDLE_IDENTIFIER = com.beyond2021.WarnMe;
				PRODUCT_NAME = "$(TARGET_NAME)";
			};
			name = Release;
		};
		2208B6031BEAE5CA0037E9C9 /* Debug */ = {
			isa = XCBuildConfiguration;
			buildSettings = {
				BUNDLE_LOADER = "$(TEST_HOST)";
				INFOPLIST_FILE = WarnMeTests/Info.plist;
				LD_RUNPATH_SEARCH_PATHS = "$(inherited) @executable_path/Frameworks @loader_path/Frameworks";
				PRODUCT_BUNDLE_IDENTIFIER = com.beyond2021.WarnMeTests;
				PRODUCT_NAME = "$(TARGET_NAME)";
				TEST_HOST = "$(BUILT_PRODUCTS_DIR)/WarnMe.app/WarnMe";
			};
			name = Debug;
		};
		2208B6041BEAE5CA0037E9C9 /* Release */ = {
			isa = XCBuildConfiguration;
			buildSettings = {
				BUNDLE_LOADER = "$(TEST_HOST)";
				INFOPLIST_FILE = WarnMeTests/Info.plist;
				LD_RUNPATH_SEARCH_PATHS = "$(inherited) @executable_path/Frameworks @loader_path/Frameworks";
				PRODUCT_BUNDLE_IDENTIFIER = com.beyond2021.WarnMeTests;
				PRODUCT_NAME = "$(TARGET_NAME)";
				TEST_HOST = "$(BUILT_PRODUCTS_DIR)/WarnMe.app/WarnMe";
			};
			name = Release;
		};
		2208B6061BEAE5CA0037E9C9 /* Debug */ = {
			isa = XCBuildConfiguration;
			buildSettings = {
				INFOPLIST_FILE = WarnMeUITests/Info.plist;
				LD_RUNPATH_SEARCH_PATHS = "$(inherited) @executable_path/Frameworks @loader_path/Frameworks";
				PRODUCT_BUNDLE_IDENTIFIER = com.beyond2021.WarnMeUITests;
				PRODUCT_NAME = "$(TARGET_NAME)";
				TEST_TARGET_NAME = WarnMe;
				USES_XCTRUNNER = YES;
			};
			name = Debug;
		};
		2208B6071BEAE5CA0037E9C9 /* Release */ = {
			isa = XCBuildConfiguration;
			buildSettings = {
				INFOPLIST_FILE = WarnMeUITests/Info.plist;
				LD_RUNPATH_SEARCH_PATHS = "$(inherited) @executable_path/Frameworks @loader_path/Frameworks";
				PRODUCT_BUNDLE_IDENTIFIER = com.beyond2021.WarnMeUITests;
				PRODUCT_NAME = "$(TARGET_NAME)";
				TEST_TARGET_NAME = WarnMe;
				USES_XCTRUNNER = YES;
			};
			name = Release;
		};
/* End XCBuildConfiguration section */

/* Begin XCConfigurationList section */
		2208B5D21BEAE5C50037E9C9 /* Build configuration list for PBXProject "WarnMe" */ = {
			isa = XCConfigurationList;
			buildConfigurations = (
				2208B5FD1BEAE5CA0037E9C9 /* Debug */,
				2208B5FE1BEAE5CA0037E9C9 /* Release */,
			);
			defaultConfigurationIsVisible = 0;
			defaultConfigurationName = Release;
		};
		2208B5FF1BEAE5CA0037E9C9 /* Build configuration list for PBXNativeTarget "WarnMe" */ = {
			isa = XCConfigurationList;
			buildConfigurations = (
				2208B6001BEAE5CA0037E9C9 /* Debug */,
				2208B6011BEAE5CA0037E9C9 /* Release */,
			);
			defaultConfigurationIsVisible = 0;
		};
		2208B6021BEAE5CA0037E9C9 /* Build configuration list for PBXNativeTarget "WarnMeTests" */ = {
			isa = XCConfigurationList;
			buildConfigurations = (
				2208B6031BEAE5CA0037E9C9 /* Debug */,
				2208B6041BEAE5CA0037E9C9 /* Release */,
			);
			defaultConfigurationIsVisible = 0;
		};
		2208B6051BEAE5CA0037E9C9 /* Build configuration list for PBXNativeTarget "WarnMeUITests" */ = {
			isa = XCConfigurationList;
			buildConfigurations = (
				2208B6061BEAE5CA0037E9C9 /* Debug */,
				2208B6071BEAE5CA0037E9C9 /* Release */,
			);
			defaultConfigurationIsVisible = 0;
		};
/* End XCConfigurationList section */
	};
	rootObject = 2208B5CF1BEAE5C50037E9C9 /* Project object */;
}
